
Microsoft Visual Studio Solution File, Format Version 12.00
# Visual Studio 15
VisualStudioVersion = 15.0.27703.2026
MinimumVisualStudioVersion = 10.0.40219.1
Project("{FAE04EC0-301F-11D3-BF4B-00C04F79EFBC}") = "WindowsFormsApp5", "WindowsFormsApp5\WindowsFormsApp5.csproj", "{4A698863-A936-4FA9-829D-A5D3DF801168}"
EndProject
Global
	GlobalSection(SolutionConfigurationPlatforms) = preSolution
		Debug|Any CPU = Debug|Any CPU
		Release|Any CPU = Release|Any CPU
	EndGlobalSection
	GlobalSection(ProjectConfigurationPlatforms) = postSolution
		{4A698863-A936-4FA9-829D-A5D3DF801168}.Debug|Any CPU.ActiveCfg = Debug|Any CPU
		{4A698863-A936-4FA9-829D-A5D3DF801168}.Debug|Any CPU.Build.0 = Debug|Any CPU
		{4A698863-A936-4FA9-829D-A5D3DF801168}.Release|Any CPU.ActiveCfg = Release|Any CPU
		{4A698863-A936-4FA9-829D-A5D3DF801168}.Release|Any CPU.Build.0 = Release|Any CPU
	EndGlobalSection
	GlobalSection(SolutionProperties) = preSolution
		HideSolutionNode = FALSE
	EndGlobalSection
	GlobalSection(ExtensibilityGlobals) = postSolution
		SolutionGuid = {DF5CBF76-5B3F-402F-AFBC-09D09FAA5B6E}
	EndGlobalSection
EndGlobal
