
Microsoft Visual Studio Solution File, Format Version 12.00
# Visual Studio 15
VisualStudioVersion = 15.0.27703.2026
MinimumVisualStudioVersion = 10.0.40219.1
Project("{FAE04EC0-301F-11D3-BF4B-00C04F79EFBC}") = "ConsoleApp1", "ConsoleApp1\ConsoleApp1.csproj", "{73669175-EF6C-4A21-ABAA-7C74552EED1A}"
EndProject
Global
	GlobalSection(SolutionConfigurationPlatforms) = preSolution
		Debug|Any CPU = Debug|Any CPU
		Release|Any CPU = Release|Any CPU
	EndGlobalSection
	GlobalSection(ProjectConfigurationPlatforms) = postSolution
		{73669175-EF6C-4A21-ABAA-7C74552EED1A}.Debug|Any CPU.ActiveCfg = Debug|Any CPU
		{73669175-EF6C-4A21-ABAA-7C74552EED1A}.Debug|Any CPU.Build.0 = Debug|Any CPU
		{73669175-EF6C-4A21-ABAA-7C74552EED1A}.Release|Any CPU.ActiveCfg = Release|Any CPU
		{73669175-EF6C-4A21-ABAA-7C74552EED1A}.Release|Any CPU.Build.0 = Release|Any CPU
	EndGlobalSection
	GlobalSection(SolutionProperties) = preSolution
		HideSolutionNode = FALSE
	EndGlobalSection
	GlobalSection(ExtensibilityGlobals) = postSolution
		SolutionGuid = {08D23B1C-167A-46C4-B35A-B0E199E73888}
	EndGlobalSection
EndGlobal
